
Microsoft Visual Studio Solution File, Format Version 12.00
# Visual Studio Version 16
VisualStudioVersion = 16.0.29519.181
MinimumVisualStudioVersion = 10.0.40219.1
Project("{FAE04EC0-301F-11D3-BF4B-00C04F79EFBC}") = "Spelunky2LeaderboardGenerator", "Spelunky2LeaderboardGenerator\Spelunky2LeaderboardGenerator.csproj", "{9C6792FD-8B57-43DF-AE1E-B0DD80EC9366}"
EndProject
Global
	GlobalSection(SolutionConfigurationPlatforms) = preSolution
		Debug|Any CPU = Debug|Any CPU
		Release|Any CPU = Release|Any CPU
	EndGlobalSection
	GlobalSection(ProjectConfigurationPlatforms) = postSolution
		{9C6792FD-8B57-43DF-AE1E-B0DD80EC9366}.Debug|Any CPU.ActiveCfg = Debug|Any CPU
		{9C6792FD-8B57-43DF-AE1E-B0DD80EC9366}.Debug|Any CPU.Build.0 = Debug|Any CPU
		{9C6792FD-8B57-43DF-AE1E-B0DD80EC9366}.Release|Any CPU.ActiveCfg = Release|Any CPU
		{9C6792FD-8B57-43DF-AE1E-B0DD80EC9366}.Release|Any CPU.Build.0 = Release|Any CPU
	EndGlobalSection
	GlobalSection(SolutionProperties) = preSolution
		HideSolutionNode = FALSE
	EndGlobalSection
	GlobalSection(ExtensibilityGlobals) = postSolution
		SolutionGuid = {4FB04B2D-78DB-468B-A67B-04AFA01DF1BE}
	EndGlobalSection
EndGlobal
